
Microsoft Visual Studio Solution File, Format Version 12.00
# Visual Studio Version 16
VisualStudioVersion = 16.0.29209.62
MinimumVisualStudioVersion = 10.0.40219.1
Project("{FAE04EC0-301F-11D3-BF4B-00C04F79EFBC}") = "ConsoleApp2", "ConsoleApp2\ConsoleApp2.csproj", "{B50BFFBF-1F49-4A1A-B230-6017ABC13DBF}"
EndProject
Global
	GlobalSection(SolutionConfigurationPlatforms) = preSolution
		Debug|Any CPU = Debug|Any CPU
		Release|Any CPU = Release|Any CPU
	EndGlobalSection
	GlobalSection(ProjectConfigurationPlatforms) = postSolution
		{B50BFFBF-1F49-4A1A-B230-6017ABC13DBF}.Debug|Any CPU.ActiveCfg = Debug|Any CPU
		{B50BFFBF-1F49-4A1A-B230-6017ABC13DBF}.Debug|Any CPU.Build.0 = Debug|Any CPU
		{B50BFFBF-1F49-4A1A-B230-6017ABC13DBF}.Release|Any CPU.ActiveCfg = Release|Any CPU
		{B50BFFBF-1F49-4A1A-B230-6017ABC13DBF}.Release|Any CPU.Build.0 = Release|Any CPU
	EndGlobalSection
	GlobalSection(SolutionProperties) = preSolution
		HideSolutionNode = FALSE
	EndGlobalSection
	GlobalSection(ExtensibilityGlobals) = postSolution
		SolutionGuid = {AC500DD4-7EB8-4814-AB40-6F313130C166}
	EndGlobalSection
EndGlobal
